// !$*UTF8*$!
{
	archiveVersion = 1;
	classes = {
	};
	objectVersion = 55;
	objects = {

/* Begin PBXBuildFile section */
		2F6B7BCB3275833CCF9BBB39 /* Pods_Flixter_FlixterUITests.framework in Frameworks */ = {isa = PBXBuildFile; fileRef = DB743105FA7F304A87EB4E01 /* Pods_Flixter_FlixterUITests.framework */; };
		8EB975E4EF6A1063947D0B39 /* Pods_Flixter.framework in Frameworks */ = {isa = PBXBuildFile; fileRef = 3E7B7FF0ACFECA7C55D4C358 /* Pods_Flixter.framework */; };
		BB8D4A0751D1E83F79DCEBD6 /* Pods_FlixterTests.framework in Frameworks */ = {isa = PBXBuildFile; fileRef = 8F89F1124B43588E68C6844C /* Pods_FlixterTests.framework */; };
		EF023D5A285A84E300F0CDC4 /* MovieViewController.m in Sources */ = {isa = PBXBuildFile; fileRef = EF023D59285A84E300F0CDC4 /* MovieViewController.m */; };
		EF2FFC7F285CE74400B4F30E /* DetailsViewController.m in Sources */ = {isa = PBXBuildFile; fileRef = EF2FFC7E285CE74400B4F30E /* DetailsViewController.m */; };
		EF2FFC85285D2BED00B4F30E /* MovieCollectionViewCell.m in Sources */ = {isa = PBXBuildFile; fileRef = EF2FFC84285D2BED00B4F30E /* MovieCollectionViewCell.m */; };
		EF2FFC8B285D2F1B00B4F30E /* CollectionViewMovieController.m in Sources */ = {isa = PBXBuildFile; fileRef = EF2FFC8A285D2F1B00B4F30E /* CollectionViewMovieController.m */; };
		EF44D562285A49B3008EAA16 /* AppDelegate.m in Sources */ = {isa = PBXBuildFile; fileRef = EF44D561285A49B3008EAA16 /* AppDelegate.m */; };
		EF44D565285A49B3008EAA16 /* SceneDelegate.m in Sources */ = {isa = PBXBuildFile; fileRef = EF44D564285A49B3008EAA16 /* SceneDelegate.m */; };
		EF44D56B285A49B3008EAA16 /* Main.storyboard in Resources */ = {isa = PBXBuildFile; fileRef = EF44D569285A49B3008EAA16 /* Main.storyboard */; };
		EF44D56D285A49B5008EAA16 /* Assets.xcassets in Resources */ = {isa = PBXBuildFile; fileRef = EF44D56C285A49B5008EAA16 /* Assets.xcassets */; };
		EF44D570285A49B5008EAA16 /* LaunchScreen.storyboard in Resources */ = {isa = PBXBuildFile; fileRef = EF44D56E285A49B5008EAA16 /* LaunchScreen.storyboard */; };
		EF44D573285A49B5008EAA16 /* main.m in Sources */ = {isa = PBXBuildFile; fileRef = EF44D572285A49B5008EAA16 /* main.m */; };
		EF44D57D285A49B5008EAA16 /* FlixterTests.m in Sources */ = {isa = PBXBuildFile; fileRef = EF44D57C285A49B5008EAA16 /* FlixterTests.m */; };
		EF44D587285A49B5008EAA16 /* FlixterUITests.m in Sources */ = {isa = PBXBuildFile; fileRef = EF44D586285A49B5008EAA16 /* FlixterUITests.m */; };
		EF44D589285A49B5008EAA16 /* FlixterUITestsLaunchTests.m in Sources */ = {isa = PBXBuildFile; fileRef = EF44D588285A49B5008EAA16 /* FlixterUITestsLaunchTests.m */; };
		EFB2A0BF285BE49000B3F1B0 /* MovieViewCell.m in Sources */ = {isa = PBXBuildFile; fileRef = EFB2A0BE285BE49000B3F1B0 /* MovieViewCell.m */; };
/* End PBXBuildFile section */

/* Begin PBXContainerItemProxy section */
		EF44D579285A49B5008EAA16 /* PBXContainerItemProxy */ = {
			isa = PBXContainerItemProxy;
			containerPortal = EF44D555285A49B3008EAA16 /* Project object */;
			proxyType = 1;
			remoteGlobalIDString = EF44D55C285A49B3008EAA16;
			remoteInfo = Flixter;
		};
		EF44D583285A49B5008EAA16 /* PBXContainerItemProxy */ = {
			isa = PBXContainerItemProxy;
			containerPortal = EF44D555285A49B3008EAA16 /* Project object */;
			proxyType = 1;
			remoteGlobalIDString = EF44D55C285A49B3008EAA16;
			remoteInfo = Flixter;
		};
/* End PBXContainerItemProxy section */

/* Begin PBXFileReference section */
		08B141C94CF31D1D6F53D29F /* Pods-FlixterTests.release.xcconfig */ = {isa = PBXFileReference; includeInIndex = 1; lastKnownFileType = text.xcconfig; name = "Pods-FlixterTests.release.xcconfig"; path = "Target Support Files/Pods-FlixterTests/Pods-FlixterTests.release.xcconfig"; sourceTree = "<group>"; };
		11703C2D2B41215104B9E8F1 /* Pods-Flixter-FlixterUITests.debug.xcconfig */ = {isa = PBXFileReference; includeInIndex = 1; lastKnownFileType = text.xcconfig; name = "Pods-Flixter-FlixterUITests.debug.xcconfig"; path = "Target Support Files/Pods-Flixter-FlixterUITests/Pods-Flixter-FlixterUITests.debug.xcconfig"; sourceTree = "<group>"; };
		16D3063EFB48BD4349151AB5 /* Pods-Flixter-FlixterUITests.release.xcconfig */ = {isa = PBXFileReference; includeInIndex = 1; lastKnownFileType = text.xcconfig; name = "Pods-Flixter-FlixterUITests.release.xcconfig"; path = "Target Support Files/Pods-Flixter-FlixterUITests/Pods-Flixter-FlixterUITests.release.xcconfig"; sourceTree = "<group>"; };
		3E7B7FF0ACFECA7C55D4C358 /* Pods_Flixter.framework */ = {isa = PBXFileReference; explicitFileType = wrapper.framework; includeInIndex = 0; path = Pods_Flixter.framework; sourceTree = BUILT_PRODUCTS_DIR; };
		8F89F1124B43588E68C6844C /* Pods_FlixterTests.framework */ = {isa = PBXFileReference; explicitFileType = wrapper.framework; includeInIndex = 0; path = Pods_FlixterTests.framework; sourceTree = BUILT_PRODUCTS_DIR; };
		97E2E9B5E27F23D9D6E8D173 /* Pods-Flixter.debug.xcconfig */ = {isa = PBXFileReference; includeInIndex = 1; lastKnownFileType = text.xcconfig; name = "Pods-Flixter.debug.xcconfig"; path = "Target Support Files/Pods-Flixter/Pods-Flixter.debug.xcconfig"; sourceTree = "<group>"; };
		A40BF8D2EF865FF2E7E2B70F /* Pods-FlixterTests.debug.xcconfig */ = {isa = PBXFileReference; includeInIndex = 1; lastKnownFileType = text.xcconfig; name = "Pods-FlixterTests.debug.xcconfig"; path = "Target Support Files/Pods-FlixterTests/Pods-FlixterTests.debug.xcconfig"; sourceTree = "<group>"; };
		DB743105FA7F304A87EB4E01 /* Pods_Flixter_FlixterUITests.framework */ = {isa = PBXFileReference; explicitFileType = wrapper.framework; includeInIndex = 0; path = Pods_Flixter_FlixterUITests.framework; sourceTree = BUILT_PRODUCTS_DIR; };
		EF023D58285A84E300F0CDC4 /* MovieViewController.h */ = {isa = PBXFileReference; lastKnownFileType = sourcecode.c.h; path = MovieViewController.h; sourceTree = "<group>"; };
		EF023D59285A84E300F0CDC4 /* MovieViewController.m */ = {isa = PBXFileReference; lastKnownFileType = sourcecode.c.objc; path = MovieViewController.m; sourceTree = "<group>"; };
		EF2FFC7D285CE74400B4F30E /* DetailsViewController.h */ = {isa = PBXFileReference; lastKnownFileType = sourcecode.c.h; path = DetailsViewController.h; sourceTree = "<group>"; };
		EF2FFC7E285CE74400B4F30E /* DetailsViewController.m */ = {isa = PBXFileReference; lastKnownFileType = sourcecode.c.objc; path = DetailsViewController.m; sourceTree = "<group>"; };
		EF2FFC83285D2BED00B4F30E /* MovieCollectionViewCell.h */ = {isa = PBXFileReference; lastKnownFileType = sourcecode.c.h; path = MovieCollectionViewCell.h; sourceTree = "<group>"; };
		EF2FFC84285D2BED00B4F30E /* MovieCollectionViewCell.m */ = {isa = PBXFileReference; lastKnownFileType = sourcecode.c.objc; path = MovieCollectionViewCell.m; sourceTree = "<group>"; };
		EF2FFC89285D2F1B00B4F30E /* CollectionViewMovieController.h */ = {isa = PBXFileReference; lastKnownFileType = sourcecode.c.h; path = CollectionViewMovieController.h; sourceTree = "<group>"; };
		EF2FFC8A285D2F1B00B4F30E /* CollectionViewMovieController.m */ = {isa = PBXFileReference; lastKnownFileType = sourcecode.c.objc; path = CollectionViewMovieController.m; sourceTree = "<group>"; };
		EF44D55D285A49B3008EAA16 /* Flixter.app */ = {isa = PBXFileReference; explicitFileType = wrapper.application; includeInIndex = 0; path = Flixter.app; sourceTree = BUILT_PRODUCTS_DIR; };
		EF44D560285A49B3008EAA16 /* AppDelegate.h */ = {isa = PBXFileReference; lastKnownFileType = sourcecode.c.h; path = AppDelegate.h; sourceTree = "<group>"; };
		EF44D561285A49B3008EAA16 /* AppDelegate.m */ = {isa = PBXFileReference; lastKnownFileType = sourcecode.c.objc; path = AppDelegate.m; sourceTree = "<group>"; };
		EF44D563285A49B3008EAA16 /* SceneDelegate.h */ = {isa = PBXFileReference; lastKnownFileType = sourcecode.c.h; path = SceneDelegate.h; sourceTree = "<group>"; };
		EF44D564285A49B3008EAA16 /* SceneDelegate.m */ = {isa = PBXFileReference; lastKnownFileType = sourcecode.c.objc; path = SceneDelegate.m; sourceTree = "<group>"; };
		EF44D56A285A49B3008EAA16 /* Base */ = {isa = PBXFileReference; lastKnownFileType = file.storyboard; name = Base; path = Base.lproj/Main.storyboard; sourceTree = "<group>"; };
		EF44D56C285A49B5008EAA16 /* Assets.xcassets */ = {isa = PBXFileReference; lastKnownFileType = folder.assetcatalog; path = Assets.xcassets; sourceTree = "<group>"; };
		EF44D56F285A49B5008EAA16 /* Base */ = {isa = PBXFileReference; lastKnownFileType = file.storyboard; name = Base; path = Base.lproj/LaunchScreen.storyboard; sourceTree = "<group>"; };
		EF44D571285A49B5008EAA16 /* Info.plist */ = {isa = PBXFileReference; lastKnownFileType = text.plist.xml; path = Info.plist; sourceTree = "<group>"; };
		EF44D572285A49B5008EAA16 /* main.m */ = {isa = PBXFileReference; lastKnownFileType = sourcecode.c.objc; path = main.m; sourceTree = "<group>"; };
		EF44D578285A49B5008EAA16 /* FlixterTests.xctest */ = {isa = PBXFileReference; explicitFileType = wrapper.cfbundle; includeInIndex = 0; path = FlixterTests.xctest; sourceTree = BUILT_PRODUCTS_DIR; };
		EF44D57C285A49B5008EAA16 /* FlixterTests.m */ = {isa = PBXFileReference; lastKnownFileType = sourcecode.c.objc; path = FlixterTests.m; sourceTree = "<group>"; };
		EF44D582285A49B5008EAA16 /* FlixterUITests.xctest */ = {isa = PBXFileReference; explicitFileType = wrapper.cfbundle; includeInIndex = 0; path = FlixterUITests.xctest; sourceTree = BUILT_PRODUCTS_DIR; };
		EF44D586285A49B5008EAA16 /* FlixterUITests.m */ = {isa = PBXFileReference; lastKnownFileType = sourcecode.c.objc; path = FlixterUITests.m; sourceTree = "<group>"; };
		EF44D588285A49B5008EAA16 /* FlixterUITestsLaunchTests.m */ = {isa = PBXFileReference; lastKnownFileType = sourcecode.c.objc; path = FlixterUITestsLaunchTests.m; sourceTree = "<group>"; };
		EFB2A0BD285BE49000B3F1B0 /* MovieViewCell.h */ = {isa = PBXFileReference; lastKnownFileType = sourcecode.c.h; path = MovieViewCell.h; sourceTree = "<group>"; };
		EFB2A0BE285BE49000B3F1B0 /* MovieViewCell.m */ = {isa = PBXFileReference; lastKnownFileType = sourcecode.c.objc; path = MovieViewCell.m; sourceTree = "<group>"; };
		F6664EC60C4215AFE092461D /* Pods-Flixter.release.xcconfig */ = {isa = PBXFileReference; includeInIndex = 1; lastKnownFileType = text.xcconfig; name = "Pods-Flixter.release.xcconfig"; path = "Target Support Files/Pods-Flixter/Pods-Flixter.release.xcconfig"; sourceTree = "<group>"; };
/* End PBXFileReference section */

/* Begin PBXFrameworksBuildPhase section */
		EF44D55A285A49B3008EAA16 /* Frameworks */ = {
			isa = PBXFrameworksBuildPhase;
			buildActionMask = 2147483647;
			files = (
				8EB975E4EF6A1063947D0B39 /* Pods_Flixter.framework in Frameworks */,
			);
			runOnlyForDeploymentPostprocessing = 0;
		};
		EF44D575285A49B5008EAA16 /* Frameworks */ = {
			isa = PBXFrameworksBuildPhase;
			buildActionMask = 2147483647;
			files = (
				BB8D4A0751D1E83F79DCEBD6 /* Pods_FlixterTests.framework in Frameworks */,
			);
			runOnlyForDeploymentPostprocessing = 0;
		};
		EF44D57F285A49B5008EAA16 /* Frameworks */ = {
			isa = PBXFrameworksBuildPhase;
			buildActionMask = 2147483647;
			files = (
				2F6B7BCB3275833CCF9BBB39 /* Pods_Flixter_FlixterUITests.framework in Frameworks */,
			);
			runOnlyForDeploymentPostprocessing = 0;
		};
/* End PBXFrameworksBuildPhase section */

/* Begin PBXGroup section */
		214C6F50EFC3306CECD923D0 /* Frameworks */ = {
			isa = PBXGroup;
			children = (
				3E7B7FF0ACFECA7C55D4C358 /* Pods_Flixter.framework */,
				DB743105FA7F304A87EB4E01 /* Pods_Flixter_FlixterUITests.framework */,
				8F89F1124B43588E68C6844C /* Pods_FlixterTests.framework */,
			);
			name = Frameworks;
			sourceTree = "<group>";
		};
		EF44D554285A49B3008EAA16 = {
			isa = PBXGroup;
			children = (
				EF44D55F285A49B3008EAA16 /* Flixter */,
				EF44D57B285A49B5008EAA16 /* FlixterTests */,
				EF44D585285A49B5008EAA16 /* FlixterUITests */,
				EF44D55E285A49B3008EAA16 /* Products */,
				F361364D480D466886CBB76F /* Pods */,
				214C6F50EFC3306CECD923D0 /* Frameworks */,
			);
			sourceTree = "<group>";
		};
		EF44D55E285A49B3008EAA16 /* Products */ = {
			isa = PBXGroup;
			children = (
				EF44D55D285A49B3008EAA16 /* Flixter.app */,
				EF44D578285A49B5008EAA16 /* FlixterTests.xctest */,
				EF44D582285A49B5008EAA16 /* FlixterUITests.xctest */,
			);
			name = Products;
			sourceTree = "<group>";
		};
		EF44D55F285A49B3008EAA16 /* Flixter */ = {
			isa = PBXGroup;
			children = (
				EF44D560285A49B3008EAA16 /* AppDelegate.h */,
				EF44D561285A49B3008EAA16 /* AppDelegate.m */,
				EF44D563285A49B3008EAA16 /* SceneDelegate.h */,
				EF44D564285A49B3008EAA16 /* SceneDelegate.m */,
				EF44D569285A49B3008EAA16 /* Main.storyboard */,
				EF44D56C285A49B5008EAA16 /* Assets.xcassets */,
				EF44D56E285A49B5008EAA16 /* LaunchScreen.storyboard */,
				EF44D571285A49B5008EAA16 /* Info.plist */,
				EF2FFC89285D2F1B00B4F30E /* CollectionViewMovieController.h */,
				EF2FFC8A285D2F1B00B4F30E /* CollectionViewMovieController.m */,
				EF44D572285A49B5008EAA16 /* main.m */,
				EF023D58285A84E300F0CDC4 /* MovieViewController.h */,
				EF023D59285A84E300F0CDC4 /* MovieViewController.m */,
				EF2FFC7D285CE74400B4F30E /* DetailsViewController.h */,
				EF2FFC7E285CE74400B4F30E /* DetailsViewController.m */,
				EF2FFC83285D2BED00B4F30E /* MovieCollectionViewCell.h */,
				EF2FFC84285D2BED00B4F30E /* MovieCollectionViewCell.m */,
				EFB2A0BD285BE49000B3F1B0 /* MovieViewCell.h */,
				EFB2A0BE285BE49000B3F1B0 /* MovieViewCell.m */,
			);
			path = Flixter;
			sourceTree = "<group>";
		};
		EF44D57B285A49B5008EAA16 /* FlixterTests */ = {
			isa = PBXGroup;
			children = (
				EF44D57C285A49B5008EAA16 /* FlixterTests.m */,
			);
			path = FlixterTests;
			sourceTree = "<group>";
		};
		EF44D585285A49B5008EAA16 /* FlixterUITests */ = {
			isa = PBXGroup;
			children = (
				EF44D586285A49B5008EAA16 /* FlixterUITests.m */,
				EF44D588285A49B5008EAA16 /* FlixterUITestsLaunchTests.m */,
			);
			path = FlixterUITests;
			sourceTree = "<group>";
		};
		F361364D480D466886CBB76F /* Pods */ = {
			isa = PBXGroup;
			children = (
				97E2E9B5E27F23D9D6E8D173 /* Pods-Flixter.debug.xcconfig */,
				F6664EC60C4215AFE092461D /* Pods-Flixter.release.xcconfig */,
				11703C2D2B41215104B9E8F1 /* Pods-Flixter-FlixterUITests.debug.xcconfig */,
				16D3063EFB48BD4349151AB5 /* Pods-Flixter-FlixterUITests.release.xcconfig */,
				A40BF8D2EF865FF2E7E2B70F /* Pods-FlixterTests.debug.xcconfig */,
				08B141C94CF31D1D6F53D29F /* Pods-FlixterTests.release.xcconfig */,
			);
			path = Pods;
			sourceTree = "<group>";
		};
/* End PBXGroup section */

/* Begin PBXNativeTarget section */
		EF44D55C285A49B3008EAA16 /* Flixter */ = {
			isa = PBXNativeTarget;
			buildConfigurationList = EF44D58C285A49B5008EAA16 /* Build configuration list for PBXNativeTarget "Flixter" */;
			buildPhases = (
				11A6DBE4910EF7741060730C /* [CP] Check Pods Manifest.lock */,
				EF44D559285A49B3008EAA16 /* Sources */,
				EF44D55A285A49B3008EAA16 /* Frameworks */,
				EF44D55B285A49B3008EAA16 /* Resources */,
				6D02E5EC58C04CF79D8B386B /* [CP] Embed Pods Frameworks */,
			);
			buildRules = (
			);
			dependencies = (
			);
			name = Flixter;
			productName = Flixter;
			productReference = EF44D55D285A49B3008EAA16 /* Flixter.app */;
			productType = "com.apple.product-type.application";
		};
		EF44D577285A49B5008EAA16 /* FlixterTests */ = {
			isa = PBXNativeTarget;
			buildConfigurationList = EF44D58F285A49B5008EAA16 /* Build configuration list for PBXNativeTarget "FlixterTests" */;
			buildPhases = (
				1F512F5DB84AD1AA2569D97D /* [CP] Check Pods Manifest.lock */,
				EF44D574285A49B5008EAA16 /* Sources */,
				EF44D575285A49B5008EAA16 /* Frameworks */,
				EF44D576285A49B5008EAA16 /* Resources */,
			);
			buildRules = (
			);
			dependencies = (
				EF44D57A285A49B5008EAA16 /* PBXTargetDependency */,
			);
			name = FlixterTests;
			productName = FlixterTests;
			productReference = EF44D578285A49B5008EAA16 /* FlixterTests.xctest */;
			productType = "com.apple.product-type.bundle.unit-test";
		};
		EF44D581285A49B5008EAA16 /* FlixterUITests */ = {
			isa = PBXNativeTarget;
			buildConfigurationList = EF44D592285A49B5008EAA16 /* Build configuration list for PBXNativeTarget "FlixterUITests" */;
			buildPhases = (
				A7D4FAED564D6D3FEC6286CE /* [CP] Check Pods Manifest.lock */,
				EF44D57E285A49B5008EAA16 /* Sources */,
				EF44D57F285A49B5008EAA16 /* Frameworks */,
				EF44D580285A49B5008EAA16 /* Resources */,
				CBB7E05B1AFDE8F9A9BA41FD /* [CP] Embed Pods Frameworks */,
			);
			buildRules = (
			);
			dependencies = (
				EF44D584285A49B5008EAA16 /* PBXTargetDependency */,
			);
			name = FlixterUITests;
			productName = FlixterUITests;
			productReference = EF44D582285A49B5008EAA16 /* FlixterUITests.xctest */;
			productType = "com.apple.product-type.bundle.ui-testing";
		};
/* End PBXNativeTarget section */

/* Begin PBXProject section */
		EF44D555285A49B3008EAA16 /* Project object */ = {
			isa = PBXProject;
			attributes = {
				BuildIndependentTargetsInParallel = 1;
				LastUpgradeCheck = 1340;
				TargetAttributes = {
					EF44D55C285A49B3008EAA16 = {
						CreatedOnToolsVersion = 13.4.1;
					};
					EF44D577285A49B5008EAA16 = {
						CreatedOnToolsVersion = 13.4.1;
						TestTargetID = EF44D55C285A49B3008EAA16;
					};
					EF44D581285A49B5008EAA16 = {
						CreatedOnToolsVersion = 13.4.1;
						TestTargetID = EF44D55C285A49B3008EAA16;
					};
				};
			};
			buildConfigurationList = EF44D558285A49B3008EAA16 /* Build configuration list for PBXProject "Flixter" */;
			compatibilityVersion = "Xcode 13.0";
			developmentRegion = en;
			hasScannedForEncodings = 0;
			knownRegions = (
				en,
				Base,
			);
			mainGroup = EF44D554285A49B3008EAA16;
			productRefGroup = EF44D55E285A49B3008EAA16 /* Products */;
			projectDirPath = "";
			projectRoot = "";
			targets = (
				EF44D55C285A49B3008EAA16 /* Flixter */,
				EF44D577285A49B5008EAA16 /* FlixterTests */,
				EF44D581285A49B5008EAA16 /* FlixterUITests */,
			);
		};
/* End PBXProject section */

/* Begin PBXResourcesBuildPhase section */
		EF44D55B285A49B3008EAA16 /* Resources */ = {
			isa = PBXResourcesBuildPhase;
			buildActionMask = 2147483647;
			files = (
				EF44D570285A49B5008EAA16 /* LaunchScreen.storyboard in Resources */,
				EF44D56D285A49B5008EAA16 /* Assets.xcassets in Resources */,
				EF44D56B285A49B3008EAA16 /* Main.storyboard in Resources */,
			);
			runOnlyForDeploymentPostprocessing = 0;
		};
		EF44D576285A49B5008EAA16 /* Resources */ = {
			isa = PBXResourcesBuildPhase;
			buildActionMask = 2147483647;
			files = (
			);
			runOnlyForDeploymentPostprocessing = 0;
		};
		EF44D580285A49B5008EAA16 /* Resources */ = {
			isa = PBXResourcesBuildPhase;
			buildActionMask = 2147483647;
			files = (
			);
			runOnlyForDeploymentPostprocessing = 0;
		};
/* End PBXResourcesBuildPhase section */

/* Begin PBXShellScriptBuildPhase section */
		11A6DBE4910EF7741060730C /* [CP] Check Pods Manifest.lock */ = {
			isa = PBXShellScriptBuildPhase;
			buildActionMask = 2147483647;
			files = (
			);
			inputFileListPaths = (
			);
			inputPaths = (
				"${PODS_PODFILE_DIR_PATH}/Podfile.lock",
				"${PODS_ROOT}/Manifest.lock",
			);
			name = "[CP] Check Pods Manifest.lock";
			outputFileListPaths = (
			);
			outputPaths = (
				"$(DERIVED_FILE_DIR)/Pods-Flixter-checkManifestLockResult.txt",
			);
			runOnlyForDeploymentPostprocessing = 0;
			shellPath = /bin/sh;
			shellScript = "diff \"${PODS_PODFILE_DIR_PATH}/Podfile.lock\" \"${PODS_ROOT}/Manifest.lock\" > /dev/null\nif [ $? != 0 ] ; then\n    # print error to STDERR\n    echo \"error: The sandbox is not in sync with the Podfile.lock. Run 'pod install' or update your CocoaPods installation.\" >&2\n    exit 1\nfi\n# This output is used by Xcode 'outputs' to avoid re-running this script phase.\necho \"SUCCESS\" > \"${SCRIPT_OUTPUT_FILE_0}\"\n";
			showEnvVarsInLog = 0;
		};
		1F512F5DB84AD1AA2569D97D /* [CP] Check Pods Manifest.lock */ = {
			isa = PBXShellScriptBuildPhase;
			buildActionMask = 2147483647;
			files = (
			);
			inputFileListPaths = (
			);
			inputPaths = (
				"${PODS_PODFILE_DIR_PATH}/Podfile.lock",
				"${PODS_ROOT}/Manifest.lock",
			);
			name = "[CP] Check Pods Manifest.lock";
			outputFileListPaths = (
			);
			outputPaths = (
				"$(DERIVED_FILE_DIR)/Pods-FlixterTests-checkManifestLockResult.txt",
			);
			runOnlyForDeploymentPostprocessing = 0;
			shellPath = /bin/sh;
			shellScript = "diff \"${PODS_PODFILE_DIR_PATH}/Podfile.lock\" \"${PODS_ROOT}/Manifest.lock\" > /dev/null\nif [ $? != 0 ] ; then\n    # print error to STDERR\n    echo \"error: The sandbox is not in sync with the Podfile.lock. Run 'pod install' or update your CocoaPods installation.\" >&2\n    exit 1\nfi\n# This output is used by Xcode 'outputs' to avoid re-running this script phase.\necho \"SUCCESS\" > \"${SCRIPT_OUTPUT_FILE_0}\"\n";
			showEnvVarsInLog = 0;
		};
		6D02E5EC58C04CF79D8B386B /* [CP] Embed Pods Frameworks */ = {
			isa = PBXShellScriptBuildPhase;
			buildActionMask = 2147483647;
			files = (
			);
			inputFileListPaths = (
				"${PODS_ROOT}/Target Support Files/Pods-Flixter/Pods-Flixter-frameworks-${CONFIGURATION}-input-files.xcfilelist",
			);
			name = "[CP] Embed Pods Frameworks";
			outputFileListPaths = (
				"${PODS_ROOT}/Target Support Files/Pods-Flixter/Pods-Flixter-frameworks-${CONFIGURATION}-output-files.xcfilelist",
			);
			runOnlyForDeploymentPostprocessing = 0;
			shellPath = /bin/sh;
			shellScript = "\"${PODS_ROOT}/Target Support Files/Pods-Flixter/Pods-Flixter-frameworks.sh\"\n";
			showEnvVarsInLog = 0;
		};
		A7D4FAED564D6D3FEC6286CE /* [CP] Check Pods Manifest.lock */ = {
			isa = PBXShellScriptBuildPhase;
			buildActionMask = 2147483647;
			files = (
			);
			inputFileListPaths = (
			);
			inputPaths = (
				"${PODS_PODFILE_DIR_PATH}/Podfile.lock",
				"${PODS_ROOT}/Manifest.lock",
			);
			name = "[CP] Check Pods Manifest.lock";
			outputFileListPaths = (
			);
			outputPaths = (
				"$(DERIVED_FILE_DIR)/Pods-Flixter-FlixterUITests-checkManifestLockResult.txt",
			);
			runOnlyForDeploymentPostprocessing = 0;
			shellPath = /bin/sh;
			shellScript = "diff \"${PODS_PODFILE_DIR_PATH}/Podfile.lock\" \"${PODS_ROOT}/Manifest.lock\" > /dev/null\nif [ $? != 0 ] ; then\n    # print error to STDERR\n    echo \"error: The sandbox is not in sync with the Podfile.lock. Run 'pod install' or update your CocoaPods installation.\" >&2\n    exit 1\nfi\n# This output is used by Xcode 'outputs' to avoid re-running this script phase.\necho \"SUCCESS\" > \"${SCRIPT_OUTPUT_FILE_0}\"\n";
			showEnvVarsInLog = 0;
		};
		CBB7E05B1AFDE8F9A9BA41FD /* [CP] Embed Pods Frameworks */ = {
			isa = PBXShellScriptBuildPhase;
			buildActionMask = 2147483647;
			files = (
			);
			inputFileListPaths = (
				"${PODS_ROOT}/Target Support Files/Pods-Flixter-FlixterUITests/Pods-Flixter-FlixterUITests-frameworks-${CONFIGURATION}-input-files.xcfilelist",
			);
			name = "[CP] Embed Pods Frameworks";
			outputFileListPaths = (
				"${PODS_ROOT}/Target Support Files/Pods-Flixter-FlixterUITests/Pods-Flixter-FlixterUITests-frameworks-${CONFIGURATION}-output-files.xcfilelist",
			);
			runOnlyForDeploymentPostprocessing = 0;
			shellPath = /bin/sh;
			shellScript = "\"${PODS_ROOT}/Target Support Files/Pods-Flixter-FlixterUITests/Pods-Flixter-FlixterUITests-frameworks.sh\"\n";
			showEnvVarsInLog = 0;
		};
/* End PBXShellScriptBuildPhase section */

/* Begin PBXSourcesBuildPhase section */
		EF44D559285A49B3008EAA16 /* Sources */ = {
			isa = PBXSourcesBuildPhase;
			buildActionMask = 2147483647;
			files = (
				EF44D562285A49B3008EAA16 /* AppDelegate.m in Sources */,
				EF44D573285A49B5008EAA16 /* main.m in Sources */,
				EF44D565285A49B3008EAA16 /* SceneDelegate.m in Sources */,
				EF2FFC7F285CE74400B4F30E /* DetailsViewController.m in Sources */,
				EFB2A0BF285BE49000B3F1B0 /* MovieViewCell.m in Sources */,
				EF2FFC8B285D2F1B00B4F30E /* CollectionViewMovieController.m in Sources */,
				EF023D5A285A84E300F0CDC4 /* MovieViewController.m in Sources */,
				EF2FFC85285D2BED00B4F30E /* MovieCollectionViewCell.m in Sources */,
			);
			runOnlyForDeploymentPostprocessing = 0;
		};
		EF44D574285A49B5008EAA16 /* Sources */ = {
			isa = PBXSourcesBuildPhase;
			buildActionMask = 2147483647;
			files = (
				EF44D57D285A49B5008EAA16 /* FlixterTests.m in Sources */,
			);
			runOnlyForDeploymentPostprocessing = 0;
		};
		EF44D57E285A49B5008EAA16 /* Sources */ = {
			isa = PBXSourcesBuildPhase;
			buildActionMask = 2147483647;
			files = (
				EF44D587285A49B5008EAA16 /* FlixterUITests.m in Sources */,
				EF44D589285A49B5008EAA16 /* FlixterUITestsLaunchTests.m in Sources */,
			);
			runOnlyForDeploymentPostprocessing = 0;
		};
/* End PBXSourcesBuildPhase section */

/* Begin PBXTargetDependency section */
		EF44D57A285A49B5008EAA16 /* PBXTargetDependency */ = {
			isa = PBXTargetDependency;
			target = EF44D55C285A49B3008EAA16 /* Flixter */;
			targetProxy = EF44D579285A49B5008EAA16 /* PBXContainerItemProxy */;
		};
		EF44D584285A49B5008EAA16 /* PBXTargetDependency */ = {
			isa = PBXTargetDependency;
			target = EF44D55C285A49B3008EAA16 /* Flixter */;
			targetProxy = EF44D583285A49B5008EAA16 /* PBXContainerItemProxy */;
		};
/* End PBXTargetDependency section */

/* Begin PBXVariantGroup section */
		EF44D569285A49B3008EAA16 /* Main.storyboard */ = {
			isa = PBXVariantGroup;
			children = (
				EF44D56A285A49B3008EAA16 /* Base */,
			);
			name = Main.storyboard;
			sourceTree = "<group>";
		};
		EF44D56E285A49B5008EAA16 /* LaunchScreen.storyboard */ = {
			isa = PBXVariantGroup;
			children = (
				EF44D56F285A49B5008EAA16 /* Base */,
			);
			name = LaunchScreen.storyboard;
			sourceTree = "<group>";
		};
/* End PBXVariantGroup section */

/* Begin XCBuildConfiguration section */
		EF44D58A285A49B5008EAA16 /* Debug */ = {
			isa = XCBuildConfiguration;
			buildSettings = {
				ALWAYS_SEARCH_USER_PATHS = NO;
				CLANG_ANALYZER_NONNULL = YES;
				CLANG_ANALYZER_NUMBER_OBJECT_CONVERSION = YES_AGGRESSIVE;
				CLANG_CXX_LANGUAGE_STANDARD = "gnu++17";
				CLANG_ENABLE_MODULES = YES;
				CLANG_ENABLE_OBJC_ARC = YES;
				CLANG_ENABLE_OBJC_WEAK = YES;
				CLANG_WARN_BLOCK_CAPTURE_AUTORELEASING = YES;
				CLANG_WARN_BOOL_CONVERSION = YES;
				CLANG_WARN_COMMA = YES;
				CLANG_WARN_CONSTANT_CONVERSION = YES;
				CLANG_WARN_DEPRECATED_OBJC_IMPLEMENTATIONS = YES;
				CLANG_WARN_DIRECT_OBJC_ISA_USAGE = YES_ERROR;
				CLANG_WARN_DOCUMENTATION_COMMENTS = YES;
				CLANG_WARN_EMPTY_BODY = YES;
				CLANG_WARN_ENUM_CONVERSION = YES;
				CLANG_WARN_INFINITE_RECURSION = YES;
				CLANG_WARN_INT_CONVERSION = YES;
				CLANG_WARN_NON_LITERAL_NULL_CONVERSION = YES;
				CLANG_WARN_OBJC_IMPLICIT_RETAIN_SELF = YES;
				CLANG_WARN_OBJC_LITERAL_CONVERSION = YES;
				CLANG_WARN_OBJC_ROOT_CLASS = YES_ERROR;
				CLANG_WARN_QUOTED_INCLUDE_IN_FRAMEWORK_HEADER = YES;
				CLANG_WARN_RANGE_LOOP_ANALYSIS = YES;
				CLANG_WARN_STRICT_PROTOTYPES = YES;
				CLANG_WARN_SUSPICIOUS_MOVE = YES;
				CLANG_WARN_UNGUARDED_AVAILABILITY = YES_AGGRESSIVE;
				CLANG_WARN_UNREACHABLE_CODE = YES;
				CLANG_WARN__DUPLICATE_METHOD_MATCH = YES;
				COPY_PHASE_STRIP = NO;
				DEBUG_INFORMATION_FORMAT = dwarf;
				ENABLE_STRICT_OBJC_MSGSEND = YES;
				ENABLE_TESTABILITY = YES;
				GCC_C_LANGUAGE_STANDARD = gnu11;
				GCC_DYNAMIC_NO_PIC = NO;
				GCC_NO_COMMON_BLOCKS = YES;
				GCC_OPTIMIZATION_LEVEL = 0;
				GCC_PREPROCESSOR_DEFINITIONS = (
					"DEBUG=1",
					"$(inherited)",
				);
				GCC_WARN_64_TO_32_BIT_CONVERSION = YES;
				GCC_WARN_ABOUT_RETURN_TYPE = YES_ERROR;
				GCC_WARN_UNDECLARED_SELECTOR = YES;
				GCC_WARN_UNINITIALIZED_AUTOS = YES_AGGRESSIVE;
				GCC_WARN_UNUSED_FUNCTION = YES;
				GCC_WARN_UNUSED_VARIABLE = YES;
				IPHONEOS_DEPLOYMENT_TARGET = 15.5;
				MTL_ENABLE_DEBUG_INFO = INCLUDE_SOURCE;
				MTL_FAST_MATH = YES;
				ONLY_ACTIVE_ARCH = YES;
				SDKROOT = iphoneos;
			};
			name = Debug;
		};
		EF44D58B285A49B5008EAA16 /* Release */ = {
			isa = XCBuildConfiguration;
			buildSettings = {
				ALWAYS_SEARCH_USER_PATHS = NO;
				CLANG_ANALYZER_NONNULL = YES;
				CLANG_ANALYZER_NUMBER_OBJECT_CONVERSION = YES_AGGRESSIVE;
				CLANG_CXX_LANGUAGE_STANDARD = "gnu++17";
				CLANG_ENABLE_MODULES = YES;
				CLANG_ENABLE_OBJC_ARC = YES;
				CLANG_ENABLE_OBJC_WEAK = YES;
				CLANG_WARN_BLOCK_CAPTURE_AUTORELEASING = YES;
				CLANG_WARN_BOOL_CONVERSION = YES;
				CLANG_WARN_COMMA = YES;
				CLANG_WARN_CONSTANT_CONVERSION = YES;
				CLANG_WARN_DEPRECATED_OBJC_IMPLEMENTATIONS = YES;
				CLANG_WARN_DIRECT_OBJC_ISA_USAGE = YES_ERROR;
				CLANG_WARN_DOCUMENTATION_COMMENTS = YES;
				CLANG_WARN_EMPTY_BODY = YES;
				CLANG_WARN_ENUM_CONVERSION = YES;
				CLANG_WARN_INFINITE_RECURSION = YES;
				CLANG_WARN_INT_CONVERSION = YES;
				CLANG_WARN_NON_LITERAL_NULL_CONVERSION = YES;
				CLANG_WARN_OBJC_IMPLICIT_RETAIN_SELF = YES;
				CLANG_WARN_OBJC_LITERAL_CONVERSION = YES;
				CLANG_WARN_OBJC_ROOT_CLASS = YES_ERROR;
				CLANG_WARN_QUOTED_INCLUDE_IN_FRAMEWORK_HEADER = YES;
				CLANG_WARN_RANGE_LOOP_ANALYSIS = YES;
				CLANG_WARN_STRICT_PROTOTYPES = YES;
				CLANG_WARN_SUSPICIOUS_MOVE = YES;
				CLANG_WARN_UNGUARDED_AVAILABILITY = YES_AGGRESSIVE;
				CLANG_WARN_UNREACHABLE_CODE = YES;
				CLANG_WARN__DUPLICATE_METHOD_MATCH = YES;
				COPY_PHASE_STRIP = NO;
				DEBUG_INFORMATION_FORMAT = "dwarf-with-dsym";
				ENABLE_NS_ASSERTIONS = NO;
				ENABLE_STRICT_OBJC_MSGSEND = YES;
				GCC_C_LANGUAGE_STANDARD = gnu11;
				GCC_NO_COMMON_BLOCKS = YES;
				GCC_WARN_64_TO_32_BIT_CONVERSION = YES;
				GCC_WARN_ABOUT_RETURN_TYPE = YES_ERROR;
				GCC_WARN_UNDECLARED_SELECTOR = YES;
				GCC_WARN_UNINITIALIZED_AUTOS = YES_AGGRESSIVE;
				GCC_WARN_UNUSED_FUNCTION = YES;
				GCC_WARN_UNUSED_VARIABLE = YES;
				IPHONEOS_DEPLOYMENT_TARGET = 15.5;
				MTL_ENABLE_DEBUG_INFO = NO;
				MTL_FAST_MATH = YES;
				SDKROOT = iphoneos;
				VALIDATE_PRODUCT = YES;
			};
			name = Release;
		};
		EF44D58D285A49B5008EAA16 /* Debug */ = {
			isa = XCBuildConfiguration;
			baseConfigurationReference = 97E2E9B5E27F23D9D6E8D173 /* Pods-Flixter.debug.xcconfig */;
			buildSettings = {
				ASSETCATALOG_COMPILER_APPICON_NAME = AppIcon;
				ASSETCATALOG_COMPILER_GLOBAL_ACCENT_COLOR_NAME = AccentColor;
				CODE_SIGN_STYLE = Automatic;
				CURRENT_PROJECT_VERSION = 1;
				DEVELOPMENT_TEAM = H7P92584Z4;
				GENERATE_INFOPLIST_FILE = YES;
				INFOPLIST_FILE = Flixter/Info.plist;
				INFOPLIST_KEY_UIApplicationSupportsIndirectInputEvents = YES;
				INFOPLIST_KEY_UILaunchStoryboardName = LaunchScreen;
				INFOPLIST_KEY_UIMainStoryboardFile = Main;
				INFOPLIST_KEY_UISupportedInterfaceOrientations_iPad = "UIInterfaceOrientationPortrait UIInterfaceOrientationPortraitUpsideDown UIInterfaceOrientationLandscapeLeft UIInterfaceOrientationLandscapeRight";
				INFOPLIST_KEY_UISupportedInterfaceOrientations_iPhone = "UIInterfaceOrientationPortrait UIInterfaceOrientationLandscapeLeft UIInterfaceOrientationLandscapeRight";
				LD_RUNPATH_SEARCH_PATHS = (
					"$(inherited)",
					"@executable_path/Frameworks",
				);
				MARKETING_VERSION = 1.0;
				PRODUCT_BUNDLE_IDENTIFIER = com.mu.Flixter;
				PRODUCT_NAME = "$(TARGET_NAME)";
				SWIFT_EMIT_LOC_STRINGS = YES;
				TARGETED_DEVICE_FAMILY = "1,2";
			};
			name = Debug;
		};
		EF44D58E285A49B5008EAA16 /* Release */ = {
			isa = XCBuildConfiguration;
			baseConfigurationReference = F6664EC60C4215AFE092461D /* Pods-Flixter.release.xcconfig */;
			buildSettings = {
				ASSETCATALOG_COMPILER_APPICON_NAME = AppIcon;
				ASSETCATALOG_COMPILER_GLOBAL_ACCENT_COLOR_NAME = AccentColor;
				CODE_SIGN_STYLE = Automatic;
				CURRENT_PROJECT_VERSION = 1;
				DEVELOPMENT_TEAM = H7P92584Z4;
				GENERATE_INFOPLIST_FILE = YES;
				INFOPLIST_FILE = Flixter/Info.plist;
				INFOPLIST_KEY_UIApplicationSupportsIndirectInputEvents = YES;
				INFOPLIST_KEY_UILaunchStoryboardName = LaunchScreen;
				INFOPLIST_KEY_UIMainStoryboardFile = Main;
				INFOPLIST_KEY_UISupportedInterfaceOrientations_iPad = "UIInterfaceOrientationPortrait UIInterfaceOrientationPortraitUpsideDown UIInterfaceOrientationLandscapeLeft UIInterfaceOrientationLandscapeRight";
				INFOPLIST_KEY_UISupportedInterfaceOrientations_iPhone = "UIInterfaceOrientationPortrait UIInterfaceOrientationLandscapeLeft UIInterfaceOrientationLandscapeRight";
				LD_RUNPATH_SEARCH_PATHS = (
					"$(inherited)",
					"@executable_path/Frameworks",
				);
				MARKETING_VERSION = 1.0;
				PRODUCT_BUNDLE_IDENTIFIER = com.mu.Flixter;
				PRODUCT_NAME = "$(TARGET_NAME)";
				SWIFT_EMIT_LOC_STRINGS = YES;
				TARGETED_DEVICE_FAMILY = "1,2";
			};
			name = Release;
		};
		EF44D590285A49B5008EAA16 /* Debug */ = {
			isa = XCBuildConfiguration;
			baseConfigurationReference = A40BF8D2EF865FF2E7E2B70F /* Pods-FlixterTests.debug.xcconfig */;
			buildSettings = {
				BUNDLE_LOADER = "$(TEST_HOST)";
				CODE_SIGN_STYLE = Automatic;
				CURRENT_PROJECT_VERSION = 1;
				DEVELOPMENT_TEAM = H7P92584Z4;
				GENERATE_INFOPLIST_FILE = YES;
				IPHONEOS_DEPLOYMENT_TARGET = 15.5;
				MARKETING_VERSION = 1.0;
				PRODUCT_BUNDLE_IDENTIFIER = com.mu.FlixterTests;
				PRODUCT_NAME = "$(TARGET_NAME)";
				SWIFT_EMIT_LOC_STRINGS = NO;
				TARGETED_DEVICE_FAMILY = "1,2";
				TEST_HOST = "$(BUILT_PRODUCTS_DIR)/Flixter.app/Flixter";
			};
			name = Debug;
		};
		EF44D591285A49B5008EAA16 /* Release */ = {
			isa = XCBuildConfiguration;
			baseConfigurationReference = 08B141C94CF31D1D6F53D29F /* Pods-FlixterTests.release.xcconfig */;
			buildSettings = {
				BUNDLE_LOADER = "$(TEST_HOST)";
				CODE_SIGN_STYLE = Automatic;
				CURRENT_PROJECT_VERSION = 1;
				DEVELOPMENT_TEAM = H7P92584Z4;
				GENERATE_INFOPLIST_FILE = YES;
				IPHONEOS_DEPLOYMENT_TARGET = 15.5;
				MARKETING_VERSION = 1.0;
				PRODUCT_BUNDLE_IDENTIFIER = com.mu.FlixterTests;
				PRODUCT_NAME = "$(TARGET_NAME)";
				SWIFT_EMIT_LOC_STRINGS = NO;
				TARGETED_DEVICE_FAMILY = "1,2";
				TEST_HOST = "$(BUILT_PRODUCTS_DIR)/Flixter.app/Flixter";
			};
			name = Release;
		};
		EF44D593285A49B5008EAA16 /* Debug */ = {
			isa = XCBuildConfiguration;
			baseConfigurationReference = 11703C2D2B41215104B9E8F1 /* Pods-Flixter-FlixterUITests.debug.xcconfig */;
			buildSettings = {
				CODE_SIGN_STYLE = Automatic;
				CURRENT_PROJECT_VERSION = 1;
				DEVELOPMENT_TEAM = H7P92584Z4;
				GENERATE_INFOPLIST_FILE = YES;
				MARKETING_VERSION = 1.0;
				PRODUCT_BUNDLE_IDENTIFIER = com.mu.FlixterUITests;
				PRODUCT_NAME = "$(TARGET_NAME)";
				SWIFT_EMIT_LOC_STRINGS = NO;
				TARGETED_DEVICE_FAMILY = "1,2";
				TEST_TARGET_NAME = Flixter;
			};
			name = Debug;
		};
		EF44D594285A49B5008EAA16 /* Release */ = {
			isa = XCBuildConfiguration;
			baseConfigurationReference = 16D3063EFB48BD4349151AB5 /* Pods-Flixter-FlixterUITests.release.xcconfig */;
			buildSettings = {
				CODE_SIGN_STYLE = Automatic;
				CURRENT_PROJECT_VERSION = 1;
				DEVELOPMENT_TEAM = H7P92584Z4;
				GENERATE_INFOPLIST_FILE = YES;
				MARKETING_VERSION = 1.0;
				PRODUCT_BUNDLE_IDENTIFIER = com.mu.FlixterUITests;
				PRODUCT_NAME = "$(TARGET_NAME)";
				SWIFT_EMIT_LOC_STRINGS = NO;
				TARGETED_DEVICE_FAMILY = "1,2";
				TEST_TARGET_NAME = Flixter;
			};
			name = Release;
		};
/* End XCBuildConfiguration section */

/* Begin XCConfigurationList section */
		EF44D558285A49B3008EAA16 /* Build configuration list for PBXProject "Flixter" */ = {
			isa = XCConfigurationList;
			buildConfigurations = (
				EF44D58A285A49B5008EAA16 /* Debug */,
				EF44D58B285A49B5008EAA16 /* Release */,
			);
			defaultConfigurationIsVisible = 0;
			defaultConfigurationName = Release;
		};
		EF44D58C285A49B5008EAA16 /* Build configuration list for PBXNativeTarget "Flixter" */ = {
			isa = XCConfigurationList;
			buildConfigurations = (
				EF44D58D285A49B5008EAA16 /* Debug */,
				EF44D58E285A49B5008EAA16 /* Release */,
			);
			defaultConfigurationIsVisible = 0;
			defaultConfigurationName = Release;
		};
		EF44D58F285A49B5008EAA16 /* Build configuration list for PBXNativeTarget "FlixterTests" */ = {
			isa = XCConfigurationList;
			buildConfigurations = (
				EF44D590285A49B5008EAA16 /* Debug */,
				EF44D591285A49B5008EAA16 /* Release */,
			);
			defaultConfigurationIsVisible = 0;
			defaultConfigurationName = Release;
		};
		EF44D592285A49B5008EAA16 /* Build configuration list for PBXNativeTarget "FlixterUITests" */ = {
			isa = XCConfigurationList;
			buildConfigurations = (
				EF44D593285A49B5008EAA16 /* Debug */,
				EF44D594285A49B5008EAA16 /* Release */,
			);
			defaultConfigurationIsVisible = 0;
			defaultConfigurationName = Release;
		};
/* End XCConfigurationList section */
	};
	rootObject = EF44D555285A49B3008EAA16 /* Project object */;
}
